
Microsoft Visual Studio Solution File, Format Version 12.00
# Visual Studio Version 17
VisualStudioVersion = 17.0.31903.59
MinimumVisualStudioVersion = 10.0.40219.1
Project("{2150E333-8FDC-42A3-9474-1A3956D46DE8}") = "src", "src", "{827E0CD3-B72D-47B6-A68D-7590B98EB39B}"
EndProject
Project("{FAE04EC0-301F-11D3-BF4B-00C04F79EFBC}") = "HotWind.Api", "src\HotWind.Api\HotWind.Api.csproj", "{B952D13B-0539-47EA-B89B-FBBDD29AFE25}"
EndProject
Project("{FAE04EC0-301F-11D3-BF4B-00C04F79EFBC}") = "HotWind.Cli", "src\HotWind.Cli\HotWind.Cli.csproj", "{29128C64-BDE2-48F6-9D81-47E63B893724}"
EndProject
Project("{2150E333-8FDC-42A3-9474-1A3956D46DE8}") = "tests", "tests", "{0AB3BF05-4346-4AA6-1389-037BE0695223}"
EndProject
Project("{FAE04EC0-301F-11D3-BF4B-00C04F79EFBC}") = "HotWind.Api.Tests", "tests\HotWind.Api.Tests\HotWind.Api.Tests.csproj", "{C5C570BF-BFD4-4921-96F3-5E367BF7514A}"
EndProject
Global
	GlobalSection(SolutionConfigurationPlatforms) = preSolution
		Debug|Any CPU = Debug|Any CPU
		Debug|x64 = Debug|x64
		Debug|x86 = Debug|x86
		Release|Any CPU = Release|Any CPU
		Release|x64 = Release|x64
		Release|x86 = Release|x86
	EndGlobalSection
	GlobalSection(ProjectConfigurationPlatforms) = postSolution
		{B952D13B-0539-47EA-B89B-FBBDD29AFE25}.Debug|Any CPU.ActiveCfg = Debug|Any CPU
		{B952D13B-0539-47EA-B89B-FBBDD29AFE25}.Debug|Any CPU.Build.0 = Debug|Any CPU
		{B952D13B-0539-47EA-B89B-FBBDD29AFE25}.Debug|x64.ActiveCfg = Debug|Any CPU
		{B952D13B-0539-47EA-B89B-FBBDD29AFE25}.Debug|x64.Build.0 = Debug|Any CPU
		{B952D13B-0539-47EA-B89B-FBBDD29AFE25}.Debug|x86.ActiveCfg = Debug|Any CPU
		{B952D13B-0539-47EA-B89B-FBBDD29AFE25}.Debug|x86.Build.0 = Debug|Any CPU
		{B952D13B-0539-47EA-B89B-FBBDD29AFE25}.Release|Any CPU.ActiveCfg = Release|Any CPU
		{B952D13B-0539-47EA-B89B-FBBDD29AFE25}.Release|Any CPU.Build.0 = Release|Any CPU
		{B952D13B-0539-47EA-B89B-FBBDD29AFE25}.Release|x64.ActiveCfg = Release|Any CPU
		{B952D13B-0539-47EA-B89B-FBBDD29AFE25}.Release|x64.Build.0 = Release|Any CPU
		{B952D13B-0539-47EA-B89B-FBBDD29AFE25}.Release|x86.ActiveCfg = Release|Any CPU
		{B952D13B-0539-47EA-B89B-FBBDD29AFE25}.Release|x86.Build.0 = Release|Any CPU
		{29128C64-BDE2-48F6-9D81-47E63B893724}.Debug|Any CPU.ActiveCfg = Debug|Any CPU
		{29128C64-BDE2-48F6-9D81-47E63B893724}.Debug|Any CPU.Build.0 = Debug|Any CPU
		{29128C64-BDE2-48F6-9D81-47E63B893724}.Debug|x64.ActiveCfg = Debug|Any CPU
		{29128C64-BDE2-48F6-9D81-47E63B893724}.Debug|x64.Build.0 = Debug|Any CPU
		{29128C64-BDE2-48F6-9D81-47E63B893724}.Debug|x86.ActiveCfg = Debug|Any CPU
		{29128C64-BDE2-48F6-9D81-47E63B893724}.Debug|x86.Build.0 = Debug|Any CPU
		{29128C64-BDE2-48F6-9D81-47E63B893724}.Release|Any CPU.ActiveCfg = Release|Any CPU
		{29128C64-BDE2-48F6-9D81-47E63B893724}.Release|Any CPU.Build.0 = Release|Any CPU
		{29128C64-BDE2-48F6-9D81-47E63B893724}.Release|x64.ActiveCfg = Release|Any CPU
		{29128C64-BDE2-48F6-9D81-47E63B893724}.Release|x64.Build.0 = Release|Any CPU
		{29128C64-BDE2-48F6-9D81-47E63B893724}.Release|x86.ActiveCfg = Release|Any CPU
		{29128C64-BDE2-48F6-9D81-47E63B893724}.Release|x86.Build.0 = Release|Any CPU
		{C5C570BF-BFD4-4921-96F3-5E367BF7514A}.Debug|Any CPU.ActiveCfg = Debug|Any CPU
		{C5C570BF-BFD4-4921-96F3-5E367BF7514A}.Debug|Any CPU.Build.0 = Debug|Any CPU
		{C5C570BF-BFD4-4921-96F3-5E367BF7514A}.Debug|x64.ActiveCfg = Debug|Any CPU
		{C5C570BF-BFD4-4921-96F3-5E367BF7514A}.Debug|x64.Build.0 = Debug|Any CPU
		{C5C570BF-BFD4-4921-96F3-5E367BF7514A}.Debug|x86.ActiveCfg = Debug|Any CPU
		{C5C570BF-BFD4-4921-96F3-5E367BF7514A}.Debug|x86.Build.0 = Debug|Any CPU
		{C5C570BF-BFD4-4921-96F3-5E367BF7514A}.Release|Any CPU.ActiveCfg = Release|Any CPU
		{C5C570BF-BFD4-4921-96F3-5E367BF7514A}.Release|Any CPU.Build.0 = Release|Any CPU
		{C5C570BF-BFD4-4921-96F3-5E367BF7514A}.Release|x64.ActiveCfg = Release|Any CPU
		{C5C570BF-BFD4-4921-96F3-5E367BF7514A}.Release|x64.Build.0 = Release|Any CPU
		{C5C570BF-BFD4-4921-96F3-5E367BF7514A}.Release|x86.ActiveCfg = Release|Any CPU
		{C5C570BF-BFD4-4921-96F3-5E367BF7514A}.Release|x86.Build.0 = Release|Any CPU
	EndGlobalSection
	GlobalSection(SolutionProperties) = preSolution
		HideSolutionNode = FALSE
	EndGlobalSection
	GlobalSection(NestedProjects) = preSolution
		{B952D13B-0539-47EA-B89B-FBBDD29AFE25} = {827E0CD3-B72D-47B6-A68D-7590B98EB39B}
		{29128C64-BDE2-48F6-9D81-47E63B893724} = {827E0CD3-B72D-47B6-A68D-7590B98EB39B}
		{C5C570BF-BFD4-4921-96F3-5E367BF7514A} = {0AB3BF05-4346-4AA6-1389-037BE0695223}
	EndGlobalSection
EndGlobal
